
Microsoft Visual Studio Solution File, Format Version 12.00
Project("{FAE04EC0-301F-11D3-BF4B-00C04F79EFBC}") = "src\DotISP", "src\DotISP\DotISP.csproj", "{87DE19A8-3C51-4703-83D4-EA8459F83EAA}"
EndProject
Project("{2150E333-8FDC-42A3-9474-1A3956D46DE8}") = "src", "src", "{DC167534-7743-45E3-8FFA-D5C232B69C7C}"
EndProject
Project("{FAE04EC0-301F-11D3-BF4B-00C04F79EFBC}") = "DotISP.Parsers", "src\DotISP.Parsers\DotISP.Parsers.csproj", "{0A4608C1-34D1-4624-8398-DA0C5884AEA0}"
EndProject
Project("{FAE04EC0-301F-11D3-BF4B-00C04F79EFBC}") = "DotISP.Ast", "src\DotISP.Ast\DotISP.Ast.csproj", "{7DEF1394-C3B8-4EDC-A350-22E1E37EBDB1}"
EndProject
Project("{FAE04EC0-301F-11D3-BF4B-00C04F79EFBC}") = "DotISP.Parsec", "src\DotISP.Parsec\DotISP.Parsec.csproj", "{C0C67CF0-767B-4FCE-ADA6-23C1B94A1101}"
EndProject
Global
	GlobalSection(SolutionConfigurationPlatforms) = preSolution
		Debug|Any CPU = Debug|Any CPU
		Release|Any CPU = Release|Any CPU
	EndGlobalSection
	GlobalSection(ProjectConfigurationPlatforms) = postSolution
		{87DE19A8-3C51-4703-83D4-EA8459F83EAA}.Debug|Any CPU.ActiveCfg = Debug|Any CPU
		{87DE19A8-3C51-4703-83D4-EA8459F83EAA}.Debug|Any CPU.Build.0 = Debug|Any CPU
		{87DE19A8-3C51-4703-83D4-EA8459F83EAA}.Release|Any CPU.ActiveCfg = Release|Any CPU
		{87DE19A8-3C51-4703-83D4-EA8459F83EAA}.Release|Any CPU.Build.0 = Release|Any CPU
		{0A4608C1-34D1-4624-8398-DA0C5884AEA0}.Debug|Any CPU.ActiveCfg = Debug|Any CPU
		{0A4608C1-34D1-4624-8398-DA0C5884AEA0}.Debug|Any CPU.Build.0 = Debug|Any CPU
		{0A4608C1-34D1-4624-8398-DA0C5884AEA0}.Release|Any CPU.ActiveCfg = Release|Any CPU
		{0A4608C1-34D1-4624-8398-DA0C5884AEA0}.Release|Any CPU.Build.0 = Release|Any CPU
		{7DEF1394-C3B8-4EDC-A350-22E1E37EBDB1}.Debug|Any CPU.ActiveCfg = Debug|Any CPU
		{7DEF1394-C3B8-4EDC-A350-22E1E37EBDB1}.Debug|Any CPU.Build.0 = Debug|Any CPU
		{7DEF1394-C3B8-4EDC-A350-22E1E37EBDB1}.Release|Any CPU.ActiveCfg = Release|Any CPU
		{7DEF1394-C3B8-4EDC-A350-22E1E37EBDB1}.Release|Any CPU.Build.0 = Release|Any CPU
		{C0C67CF0-767B-4FCE-ADA6-23C1B94A1101}.Debug|Any CPU.ActiveCfg = Debug|Any CPU
		{C0C67CF0-767B-4FCE-ADA6-23C1B94A1101}.Debug|Any CPU.Build.0 = Debug|Any CPU
		{C0C67CF0-767B-4FCE-ADA6-23C1B94A1101}.Release|Any CPU.ActiveCfg = Release|Any CPU
		{C0C67CF0-767B-4FCE-ADA6-23C1B94A1101}.Release|Any CPU.Build.0 = Release|Any CPU
	EndGlobalSection
	GlobalSection(NestedProjects) = preSolution
		{87DE19A8-3C51-4703-83D4-EA8459F83EAA} = {DC167534-7743-45E3-8FFA-D5C232B69C7C}
		{0A4608C1-34D1-4624-8398-DA0C5884AEA0} = {DC167534-7743-45E3-8FFA-D5C232B69C7C}
		{7DEF1394-C3B8-4EDC-A350-22E1E37EBDB1} = {DC167534-7743-45E3-8FFA-D5C232B69C7C}
		{C0C67CF0-767B-4FCE-ADA6-23C1B94A1101} = {DC167534-7743-45E3-8FFA-D5C232B69C7C}
	EndGlobalSection
EndGlobal
