
Microsoft Visual Studio Solution File, Format Version 12.00
Project("{F2A71F9B-5D33-465A-A702-920D77279786}") = "Try.FSharp.Console", "Try.FSharp.Console\Try.FSharp.Console.fsproj", "{165FF5AF-38A8-4A2D-A76A-62903BDFFF6C}"
EndProject
Global
	GlobalSection(SolutionConfigurationPlatforms) = preSolution
		Debug|Any CPU = Debug|Any CPU
		Release|Any CPU = Release|Any CPU
	EndGlobalSection
	GlobalSection(ProjectConfigurationPlatforms) = postSolution
		{165FF5AF-38A8-4A2D-A76A-62903BDFFF6C}.Debug|Any CPU.ActiveCfg = Debug|Any CPU
		{165FF5AF-38A8-4A2D-A76A-62903BDFFF6C}.Debug|Any CPU.Build.0 = Debug|Any CPU
		{165FF5AF-38A8-4A2D-A76A-62903BDFFF6C}.Release|Any CPU.ActiveCfg = Release|Any CPU
		{165FF5AF-38A8-4A2D-A76A-62903BDFFF6C}.Release|Any CPU.Build.0 = Release|Any CPU
	EndGlobalSection
EndGlobal
